// !$*UTF8*$!
{
	archiveVersion = 1;
	classes = {
	};
	objectVersion = 46;
	objects = {

/* Begin PBXBuildFile section */
		6F127B07153C5D2000DA96DF /* UIKit.framework in Frameworks */ = {isa = PBXBuildFile; fileRef = 6F127B06153C5D2000DA96DF /* UIKit.framework */; };
		6F127B09153C5D2000DA96DF /* Foundation.framework in Frameworks */ = {isa = PBXBuildFile; fileRef = 6F127B08153C5D2000DA96DF /* Foundation.framework */; };
		6F127B0B153C5D2000DA96DF /* CoreGraphics.framework in Frameworks */ = {isa = PBXBuildFile; fileRef = 6F127B0A153C5D2000DA96DF /* CoreGraphics.framework */; };
		6F127B11153C5D2000DA96DF /* InfoPlist.strings in Resources */ = {isa = PBXBuildFile; fileRef = 6F127B0F153C5D2000DA96DF /* InfoPlist.strings */; };
		6F127B13153C5D2000DA96DF /* main.m in Sources */ = {isa = PBXBuildFile; fileRef = 6F127B12153C5D2000DA96DF /* main.m */; };
		6F127B17153C5D2000DA96DF /* iOwnerAppDelegate.m in Sources */ = {isa = PBXBuildFile; fileRef = 6F127B16153C5D2000DA96DF /* iOwnerAppDelegate.m */; };
		6F127B20153C5D2000DA96DF /* SecondViewController.m in Sources */ = {isa = PBXBuildFile; fileRef = 6F127B1F153C5D2000DA96DF /* SecondViewController.m */; };
		6F127B26153C5D2000DA96DF /* SecondView.xib in Resources */ = {isa = PBXBuildFile; fileRef = 6F127B24153C5D2000DA96DF /* SecondView.xib */; };
		6F92E742153F97C5001CFDFD /* RegViewController.m in Sources */ = {isa = PBXBuildFile; fileRef = 6F92E740153F97C4001CFDFD /* RegViewController.m */; };
		6F92E743153F97C5001CFDFD /* RegViewController.xib in Resources */ = {isa = PBXBuildFile; fileRef = 6F92E741153F97C4001CFDFD /* RegViewController.xib */; };
		6F92E74C153FAFEB001CFDFD /* MainViewController.m in Sources */ = {isa = PBXBuildFile; fileRef = 6F92E74A153FAFEB001CFDFD /* MainViewController.m */; };
		6F92E74D153FAFEB001CFDFD /* MainViewController.xib in Resources */ = {isa = PBXBuildFile; fileRef = 6F92E74B153FAFEB001CFDFD /* MainViewController.xib */; };
		6F92E750153FB083001CFDFD /* MainWindow.xib in Resources */ = {isa = PBXBuildFile; fileRef = 6F92E74E153FB083001CFDFD /* MainWindow.xib */; };
		6F92E75D153FE410001CFDFD /* LoginViewController.m in Sources */ = {isa = PBXBuildFile; fileRef = 6F92E75B153FE410001CFDFD /* LoginViewController.m */; };
		6F92E75E153FE410001CFDFD /* LoginViewController.xib in Resources */ = {isa = PBXBuildFile; fileRef = 6F92E75C153FE410001CFDFD /* LoginViewController.xib */; };
		6FA0FCA5153CFB9F000672FF /* OccViewController.m in Sources */ = {isa = PBXBuildFile; fileRef = 6FA0FCA3153CFB9F000672FF /* OccViewController.m */; };
		6FA0FCA6153CFB9F000672FF /* OccViewController.xib in Resources */ = {isa = PBXBuildFile; fileRef = 6FA0FCA4153CFB9F000672FF /* OccViewController.xib */; };
		6FA0FCA8153CFE29000672FF /* MapKit.framework in Frameworks */ = {isa = PBXBuildFile; fileRef = 6FA0FCA7153CFE29000672FF /* MapKit.framework */; };
		6FA0FCAA153CFE37000672FF /* CoreLocation.framework in Frameworks */ = {isa = PBXBuildFile; fileRef = 6FA0FCA9153CFE37000672FF /* CoreLocation.framework */; };
		6FCD8B57153EDFE700DBF40B /* AnimatedGif.m in Sources */ = {isa = PBXBuildFile; fileRef = 6FCD8AB5153EDFE700DBF40B /* AnimatedGif.m */; };
		6FCD8B58153EDFE700DBF40B /* ASIAuthenticationDialog.m in Sources */ = {isa = PBXBuildFile; fileRef = 6FCD8AB8153EDFE700DBF40B /* ASIAuthenticationDialog.m */; };
		6FCD8B59153EDFE700DBF40B /* ASIDataCompressor.m in Sources */ = {isa = PBXBuildFile; fileRef = 6FCD8ABB153EDFE700DBF40B /* ASIDataCompressor.m */; };
		6FCD8B5A153EDFE700DBF40B /* ASIDataDecompressor.m in Sources */ = {isa = PBXBuildFile; fileRef = 6FCD8ABD153EDFE700DBF40B /* ASIDataDecompressor.m */; };
		6FCD8B5B153EDFE700DBF40B /* ASIDownloadCache.m in Sources */ = {isa = PBXBuildFile; fileRef = 6FCD8ABF153EDFE700DBF40B /* ASIDownloadCache.m */; };
		6FCD8B5C153EDFE700DBF40B /* ASIFormDataRequest.m in Sources */ = {isa = PBXBuildFile; fileRef = 6FCD8AC1153EDFE700DBF40B /* ASIFormDataRequest.m */; };
		6FCD8B5D153EDFE700DBF40B /* ASIHTTPRequest.m in Sources */ = {isa = PBXBuildFile; fileRef = 6FCD8AC3153EDFE700DBF40B /* ASIHTTPRequest.m */; };
		6FCD8B5E153EDFE700DBF40B /* ASIInputStream.m in Sources */ = {isa = PBXBuildFile; fileRef = 6FCD8AC7153EDFE700DBF40B /* ASIInputStream.m */; };
		6FCD8B5F153EDFE700DBF40B /* ASINetworkQueue.m in Sources */ = {isa = PBXBuildFile; fileRef = 6FCD8AC9153EDFE700DBF40B /* ASINetworkQueue.m */; };
		6FCD8B61153EDFE700DBF40B /* ASICloudFilesCDNRequest.m in Sources */ = {isa = PBXBuildFile; fileRef = 6FCD8AD0153EDFE700DBF40B /* ASICloudFilesCDNRequest.m */; };
		6FCD8B62153EDFE700DBF40B /* ASICloudFilesContainer.m in Sources */ = {isa = PBXBuildFile; fileRef = 6FCD8AD2153EDFE700DBF40B /* ASICloudFilesContainer.m */; };
		6FCD8B63153EDFE700DBF40B /* ASICloudFilesContainerRequest.m in Sources */ = {isa = PBXBuildFile; fileRef = 6FCD8AD4153EDFE700DBF40B /* ASICloudFilesContainerRequest.m */; };
		6FCD8B64153EDFE700DBF40B /* ASICloudFilesContainerXMLParserDelegate.m in Sources */ = {isa = PBXBuildFile; fileRef = 6FCD8AD6153EDFE700DBF40B /* ASICloudFilesContainerXMLParserDelegate.m */; };
		6FCD8B65153EDFE700DBF40B /* ASICloudFilesObject.m in Sources */ = {isa = PBXBuildFile; fileRef = 6FCD8AD8153EDFE700DBF40B /* ASICloudFilesObject.m */; };
		6FCD8B66153EDFE700DBF40B /* ASICloudFilesObjectRequest.m in Sources */ = {isa = PBXBuildFile; fileRef = 6FCD8ADA153EDFE700DBF40B /* ASICloudFilesObjectRequest.m */; };
		6FCD8B67153EDFE700DBF40B /* ASICloudFilesRequest.m in Sources */ = {isa = PBXBuildFile; fileRef = 6FCD8ADC153EDFE700DBF40B /* ASICloudFilesRequest.m */; };
		6FCD8B68153EDFE700DBF40B /* ASIS3Bucket.m in Sources */ = {isa = PBXBuildFile; fileRef = 6FCD8AE0153EDFE700DBF40B /* ASIS3Bucket.m */; };
		6FCD8B69153EDFE700DBF40B /* ASIS3BucketObject.m in Sources */ = {isa = PBXBuildFile; fileRef = 6FCD8AE2153EDFE700DBF40B /* ASIS3BucketObject.m */; };
		6FCD8B6A153EDFE700DBF40B /* ASIS3BucketRequest.m in Sources */ = {isa = PBXBuildFile; fileRef = 6FCD8AE4153EDFE700DBF40B /* ASIS3BucketRequest.m */; };
		6FCD8B6B153EDFE700DBF40B /* ASIS3ObjectRequest.m in Sources */ = {isa = PBXBuildFile; fileRef = 6FCD8AE6153EDFE700DBF40B /* ASIS3ObjectRequest.m */; };
		6FCD8B6C153EDFE700DBF40B /* ASIS3Request.m in Sources */ = {isa = PBXBuildFile; fileRef = 6FCD8AE8153EDFE700DBF40B /* ASIS3Request.m */; };
		6FCD8B6D153EDFE700DBF40B /* ASIS3ServiceRequest.m in Sources */ = {isa = PBXBuildFile; fileRef = 6FCD8AEA153EDFE700DBF40B /* ASIS3ServiceRequest.m */; };
		6FCD8B7E153EDFE700DBF40B /* SFHFKeychainUtils.m in Sources */ = {isa = PBXBuildFile; fileRef = 6FCD8B0C153EDFE700DBF40B /* SFHFKeychainUtils.m */; };
		6FCD8B7F153EDFE700DBF40B /* CDataScanner.m in Sources */ = {isa = PBXBuildFile; fileRef = 6FCD8B0F153EDFE700DBF40B /* CDataScanner.m */; };
		6FCD8B80153EDFE700DBF40B /* CFilteringJSONSerializer.m in Sources */ = {isa = PBXBuildFile; fileRef = 6FCD8B12153EDFE700DBF40B /* CFilteringJSONSerializer.m */; };
		6FCD8B81153EDFE700DBF40B /* CJSONDeserializer_BlocksExtensions.m in Sources */ = {isa = PBXBuildFile; fileRef = 6FCD8B14153EDFE700DBF40B /* CJSONDeserializer_BlocksExtensions.m */; };
		6FCD8B82153EDFE700DBF40B /* CJSONSerializedData.m in Sources */ = {isa = PBXBuildFile; fileRef = 6FCD8B16153EDFE700DBF40B /* CJSONSerializedData.m */; };
		6FCD8B83153EDFE700DBF40B /* CDataScanner_Extensions.m in Sources */ = {isa = PBXBuildFile; fileRef = 6FCD8B19153EDFE700DBF40B /* CDataScanner_Extensions.m */; };
		6FCD8B84153EDFE700DBF40B /* NSCharacterSet_Extensions.m in Sources */ = {isa = PBXBuildFile; fileRef = 6FCD8B1B153EDFE700DBF40B /* NSCharacterSet_Extensions.m */; };
		6FCD8B85153EDFE700DBF40B /* NSDictionary_JSONExtensions.m in Sources */ = {isa = PBXBuildFile; fileRef = 6FCD8B1D153EDFE700DBF40B /* NSDictionary_JSONExtensions.m */; };
		6FCD8B86153EDFE700DBF40B /* NSScanner_Extensions.m in Sources */ = {isa = PBXBuildFile; fileRef = 6FCD8B1F153EDFE700DBF40B /* NSScanner_Extensions.m */; };
		6FCD8B87153EDFE700DBF40B /* CJSONDeserializer.m in Sources */ = {isa = PBXBuildFile; fileRef = 6FCD8B22153EDFE700DBF40B /* CJSONDeserializer.m */; };
		6FCD8B88153EDFE700DBF40B /* CJSONScanner.m in Sources */ = {isa = PBXBuildFile; fileRef = 6FCD8B24153EDFE700DBF40B /* CJSONScanner.m */; };
		6FCD8B89153EDFE700DBF40B /* CJSONSerializer.m in Sources */ = {isa = PBXBuildFile; fileRef = 6FCD8B26153EDFE700DBF40B /* CJSONSerializer.m */; };
		6FCD8BA6153EE18500DBF40B /* README-GHUnit in Resources */ = {isa = PBXBuildFile; fileRef = 6FCD8BA2153EE18500DBF40B /* README-GHUnit */; };
		6FCD8BA7153EE18500DBF40B /* Reachability.m in Sources */ = {isa = PBXBuildFile; fileRef = 6FCD8BA5153EE18500DBF40B /* Reachability.m */; };
		6FCD8BA9153EE1EF00DBF40B /* CFNetwork.framework in Frameworks */ = {isa = PBXBuildFile; fileRef = 6FCD8BA8153EE1EF00DBF40B /* CFNetwork.framework */; };
		6FCD8BAB153EE20A00DBF40B /* SystemConfiguration.framework in Frameworks */ = {isa = PBXBuildFile; fileRef = 6FCD8BAA153EE20A00DBF40B /* SystemConfiguration.framework */; };
		6FCD8BAD153EE21300DBF40B /* MobileCoreServices.framework in Frameworks */ = {isa = PBXBuildFile; fileRef = 6FCD8BAC153EE21300DBF40B /* MobileCoreServices.framework */; };
		6FCD8BB0153EE24800DBF40B /* libz.dylib in Frameworks */ = {isa = PBXBuildFile; fileRef = 6FCD8BAF153EE24800DBF40B /* libz.dylib */; };
		6FCD8BB6153EE53300DBF40B /* Security.framework in Frameworks */ = {isa = PBXBuildFile; fileRef = 6FCD8BB5153EE53300DBF40B /* Security.framework */; };
/* End PBXBuildFile section */

/* Begin PBXFileReference section */
		6F127B02153C5D2000DA96DF /* iOwner.app */ = {isa = PBXFileReference; explicitFileType = wrapper.application; includeInIndex = 0; path = iOwner.app; sourceTree = BUILT_PRODUCTS_DIR; };
		6F127B06153C5D2000DA96DF /* UIKit.framework */ = {isa = PBXFileReference; lastKnownFileType = wrapper.framework; name = UIKit.framework; path = System/Library/Frameworks/UIKit.framework; sourceTree = SDKROOT; };
		6F127B08153C5D2000DA96DF /* Foundation.framework */ = {isa = PBXFileReference; lastKnownFileType = wrapper.framework; name = Foundation.framework; path = System/Library/Frameworks/Foundation.framework; sourceTree = SDKROOT; };
		6F127B0A153C5D2000DA96DF /* CoreGraphics.framework */ = {isa = PBXFileReference; lastKnownFileType = wrapper.framework; name = CoreGraphics.framework; path = System/Library/Frameworks/CoreGraphics.framework; sourceTree = SDKROOT; };
		6F127B0E153C5D2000DA96DF /* iOwner-Info.plist */ = {isa = PBXFileReference; lastKnownFileType = text.plist.xml; path = "iOwner-Info.plist"; sourceTree = "<group>"; };
		6F127B10153C5D2000DA96DF /* en */ = {isa = PBXFileReference; lastKnownFileType = text.plist.strings; name = en; path = en.lproj/InfoPlist.strings; sourceTree = "<group>"; };
		6F127B12153C5D2000DA96DF /* main.m */ = {isa = PBXFileReference; lastKnownFileType = sourcecode.c.objc; path = main.m; sourceTree = "<group>"; };
		6F127B14153C5D2000DA96DF /* iOwner-Prefix.pch */ = {isa = PBXFileReference; lastKnownFileType = sourcecode.c.h; path = "iOwner-Prefix.pch"; sourceTree = "<group>"; };
		6F127B15153C5D2000DA96DF /* iOwnerAppDelegate.h */ = {isa = PBXFileReference; lastKnownFileType = sourcecode.c.h; path = iOwnerAppDelegate.h; sourceTree = "<group>"; };
		6F127B16153C5D2000DA96DF /* iOwnerAppDelegate.m */ = {isa = PBXFileReference; lastKnownFileType = sourcecode.c.objc; path = iOwnerAppDelegate.m; sourceTree = "<group>"; };
		6F127B1E153C5D2000DA96DF /* SecondViewController.h */ = {isa = PBXFileReference; lastKnownFileType = sourcecode.c.h; path = SecondViewController.h; sourceTree = "<group>"; };
		6F127B1F153C5D2000DA96DF /* SecondViewController.m */ = {isa = PBXFileReference; lastKnownFileType = sourcecode.c.objc; path = SecondViewController.m; sourceTree = "<group>"; };
		6F127B25153C5D2000DA96DF /* en */ = {isa = PBXFileReference; lastKnownFileType = file.xib; name = en; path = en.lproj/SecondView.xib; sourceTree = "<group>"; };
		6F92E73F153F97C4001CFDFD /* RegViewController.h */ = {isa = PBXFileReference; fileEncoding = 4; lastKnownFileType = sourcecode.c.h; path = RegViewController.h; sourceTree = "<group>"; };
		6F92E740153F97C4001CFDFD /* RegViewController.m */ = {isa = PBXFileReference; fileEncoding = 4; lastKnownFileType = sourcecode.c.objc; path = RegViewController.m; sourceTree = "<group>"; };
		6F92E741153F97C4001CFDFD /* RegViewController.xib */ = {isa = PBXFileReference; fileEncoding = 4; lastKnownFileType = file.xib; path = RegViewController.xib; sourceTree = "<group>"; };
		6F92E749153FAFEA001CFDFD /* MainViewController.h */ = {isa = PBXFileReference; fileEncoding = 4; lastKnownFileType = sourcecode.c.h; path = MainViewController.h; sourceTree = "<group>"; };
		6F92E74A153FAFEB001CFDFD /* MainViewController.m */ = {isa = PBXFileReference; fileEncoding = 4; lastKnownFileType = sourcecode.c.objc; path = MainViewController.m; sourceTree = "<group>"; };
		6F92E74B153FAFEB001CFDFD /* MainViewController.xib */ = {isa = PBXFileReference; fileEncoding = 4; lastKnownFileType = file.xib; path = MainViewController.xib; sourceTree = "<group>"; };
		6F92E74F153FB083001CFDFD /* en */ = {isa = PBXFileReference; lastKnownFileType = file.xib; name = en; path = en.lproj/MainWindow.xib; sourceTree = "<group>"; };
		6F92E75A153FE410001CFDFD /* LoginViewController.h */ = {isa = PBXFileReference; fileEncoding = 4; lastKnownFileType = sourcecode.c.h; path = LoginViewController.h; sourceTree = "<group>"; };
		6F92E75B153FE410001CFDFD /* LoginViewController.m */ = {isa = PBXFileReference; fileEncoding = 4; lastKnownFileType = sourcecode.c.objc; path = LoginViewController.m; sourceTree = "<group>"; };
		6F92E75C153FE410001CFDFD /* LoginViewController.xib */ = {isa = PBXFileReference; fileEncoding = 4; lastKnownFileType = file.xib; path = LoginViewController.xib; sourceTree = "<group>"; };
		6FA0FCA2153CFB9F000672FF /* OccViewController.h */ = {isa = PBXFileReference; fileEncoding = 4; lastKnownFileType = sourcecode.c.h; name = OccViewController.h; path = TabView/OccViewController.h; sourceTree = "<group>"; };
		6FA0FCA3153CFB9F000672FF /* OccViewController.m */ = {isa = PBXFileReference; fileEncoding = 4; lastKnownFileType = sourcecode.c.objc; name = OccViewController.m; path = TabView/OccViewController.m; sourceTree = "<group>"; };
		6FA0FCA4153CFB9F000672FF /* OccViewController.xib */ = {isa = PBXFileReference; fileEncoding = 4; lastKnownFileType = file.xib; name = OccViewController.xib; path = TabView/OccViewController.xib; sourceTree = "<group>"; };
		6FA0FCA7153CFE29000672FF /* MapKit.framework */ = {isa = PBXFileReference; lastKnownFileType = wrapper.framework; name = MapKit.framework; path = System/Library/Frameworks/MapKit.framework; sourceTree = SDKROOT; };
		6FA0FCA9153CFE37000672FF /* CoreLocation.framework */ = {isa = PBXFileReference; lastKnownFileType = wrapper.framework; name = CoreLocation.framework; path = System/Library/Frameworks/CoreLocation.framework; sourceTree = SDKROOT; };
		6FCD8AB4153EDFE700DBF40B /* AnimatedGif.h */ = {isa = PBXFileReference; fileEncoding = 4; lastKnownFileType = sourcecode.c.h; path = AnimatedGif.h; sourceTree = "<group>"; };
		6FCD8AB5153EDFE700DBF40B /* AnimatedGif.m */ = {isa = PBXFileReference; fileEncoding = 4; lastKnownFileType = sourcecode.c.objc; path = AnimatedGif.m; sourceTree = "<group>"; };
		6FCD8AB7153EDFE700DBF40B /* ASIAuthenticationDialog.h */ = {isa = PBXFileReference; fileEncoding = 4; lastKnownFileType = sourcecode.c.h; path = ASIAuthenticationDialog.h; sourceTree = "<group>"; };
		6FCD8AB8153EDFE700DBF40B /* ASIAuthenticationDialog.m */ = {isa = PBXFileReference; fileEncoding = 4; lastKnownFileType = sourcecode.c.objc; path = ASIAuthenticationDialog.m; sourceTree = "<group>"; };
		6FCD8AB9153EDFE700DBF40B /* ASICacheDelegate.h */ = {isa = PBXFileReference; fileEncoding = 4; lastKnownFileType = sourcecode.c.h; path = ASICacheDelegate.h; sourceTree = "<group>"; };
		6FCD8ABA153EDFE700DBF40B /* ASIDataCompressor.h */ = {isa = PBXFileReference; fileEncoding = 4; lastKnownFileType = sourcecode.c.h; path = ASIDataCompressor.h; sourceTree = "<group>"; };
		6FCD8ABB153EDFE700DBF40B /* ASIDataCompressor.m */ = {isa = PBXFileReference; fileEncoding = 4; lastKnownFileType = sourcecode.c.objc; path = ASIDataCompressor.m; sourceTree = "<group>"; };
		6FCD8ABC153EDFE700DBF40B /* ASIDataDecompressor.h */ = {isa = PBXFileReference; fileEncoding = 4; lastKnownFileType = sourcecode.c.h; path = ASIDataDecompressor.h; sourceTree = "<group>"; };
		6FCD8ABD153EDFE700DBF40B /* ASIDataDecompressor.m */ = {isa = PBXFileReference; fileEncoding = 4; lastKnownFileType = sourcecode.c.objc; path = ASIDataDecompressor.m; sourceTree = "<group>"; };
		6FCD8ABE153EDFE700DBF40B /* ASIDownloadCache.h */ = {isa = PBXFileReference; fileEncoding = 4; lastKnownFileType = sourcecode.c.h; path = ASIDownloadCache.h; sourceTree = "<group>"; };
		6FCD8ABF153EDFE700DBF40B /* ASIDownloadCache.m */ = {isa = PBXFileReference; fileEncoding = 4; lastKnownFileType = sourcecode.c.objc; path = ASIDownloadCache.m; sourceTree = "<group>"; };
		6FCD8AC0153EDFE700DBF40B /* ASIFormDataRequest.h */ = {isa = PBXFileReference; fileEncoding = 4; lastKnownFileType = sourcecode.c.h; path = ASIFormDataRequest.h; sourceTree = "<group>"; };
		6FCD8AC1153EDFE700DBF40B /* ASIFormDataRequest.m */ = {isa = PBXFileReference; fileEncoding = 4; lastKnownFileType = sourcecode.c.objc; path = ASIFormDataRequest.m; sourceTree = "<group>"; };
		6FCD8AC2153EDFE700DBF40B /* ASIHTTPRequest.h */ = {isa = PBXFileReference; fileEncoding = 4; lastKnownFileType = sourcecode.c.h; path = ASIHTTPRequest.h; sourceTree = "<group>"; };
		6FCD8AC3153EDFE700DBF40B /* ASIHTTPRequest.m */ = {isa = PBXFileReference; fileEncoding = 4; lastKnownFileType = sourcecode.c.objc; path = ASIHTTPRequest.m; sourceTree = "<group>"; };
		6FCD8AC4153EDFE700DBF40B /* ASIHTTPRequestConfig.h */ = {isa = PBXFileReference; fileEncoding = 4; lastKnownFileType = sourcecode.c.h; path = ASIHTTPRequestConfig.h; sourceTree = "<group>"; };
		6FCD8AC5153EDFE700DBF40B /* ASIHTTPRequestDelegate.h */ = {isa = PBXFileReference; fileEncoding = 4; lastKnownFileType = sourcecode.c.h; path = ASIHTTPRequestDelegate.h; sourceTree = "<group>"; };
		6FCD8AC6153EDFE700DBF40B /* ASIInputStream.h */ = {isa = PBXFileReference; fileEncoding = 4; lastKnownFileType = sourcecode.c.h; path = ASIInputStream.h; sourceTree = "<group>"; };
		6FCD8AC7153EDFE700DBF40B /* ASIInputStream.m */ = {isa = PBXFileReference; fileEncoding = 4; lastKnownFileType = sourcecode.c.objc; path = ASIInputStream.m; sourceTree = "<group>"; };
		6FCD8AC8153EDFE700DBF40B /* ASINetworkQueue.h */ = {isa = PBXFileReference; fileEncoding = 4; lastKnownFileType = sourcecode.c.h; path = ASINetworkQueue.h; sourceTree = "<group>"; };
		6FCD8AC9153EDFE700DBF40B /* ASINetworkQueue.m */ = {isa = PBXFileReference; fileEncoding = 4; lastKnownFileType = sourcecode.c.objc; path = ASINetworkQueue.m; sourceTree = "<group>"; };
		6FCD8ACA153EDFE700DBF40B /* ASIProgressDelegate.h */ = {isa = PBXFileReference; fileEncoding = 4; lastKnownFileType = sourcecode.c.h; path = ASIProgressDelegate.h; sourceTree = "<group>"; };
		6FCD8ACF153EDFE700DBF40B /* ASICloudFilesCDNRequest.h */ = {isa = PBXFileReference; fileEncoding = 4; lastKnownFileType = sourcecode.c.h; path = ASICloudFilesCDNRequest.h; sourceTree = "<group>"; };
		6FCD8AD0153EDFE700DBF40B /* ASICloudFilesCDNRequest.m */ = {isa = PBXFileReference; fileEncoding = 4; lastKnownFileType = sourcecode.c.objc; path = ASICloudFilesCDNRequest.m; sourceTree = "<group>"; };
		6FCD8AD1153EDFE700DBF40B /* ASICloudFilesContainer.h */ = {isa = PBXFileReference; fileEncoding = 4; lastKnownFileType = sourcecode.c.h; path = ASICloudFilesContainer.h; sourceTree = "<group>"; };
		6FCD8AD2153EDFE700DBF40B /* ASICloudFilesContainer.m */ = {isa = PBXFileReference; fileEncoding = 4; lastKnownFileType = sourcecode.c.objc; path = ASICloudFilesContainer.m; sourceTree = "<group>"; };
		6FCD8AD3153EDFE700DBF40B /* ASICloudFilesContainerRequest.h */ = {isa = PBXFileReference; fileEncoding = 4; lastKnownFileType = sourcecode.c.h; path = ASICloudFilesContainerRequest.h; sourceTree = "<group>"; };
		6FCD8AD4153EDFE700DBF40B /* ASICloudFilesContainerRequest.m */ = {isa = PBXFileReference; fileEncoding = 4; lastKnownFileType = sourcecode.c.objc; path = ASICloudFilesContainerRequest.m; sourceTree = "<group>"; };
		6FCD8AD5153EDFE700DBF40B /* ASICloudFilesContainerXMLParserDelegate.h */ = {isa = PBXFileReference; fileEncoding = 4; lastKnownFileType = sourcecode.c.h; path = ASICloudFilesContainerXMLParserDelegate.h; sourceTree = "<group>"; };
		6FCD8AD6153EDFE700DBF40B /* ASICloudFilesContainerXMLParserDelegate.m */ = {isa = PBXFileReference; fileEncoding = 4; lastKnownFileType = sourcecode.c.objc; path = ASICloudFilesContainerXMLParserDelegate.m; sourceTree = "<group>"; };
		6FCD8AD7153EDFE700DBF40B /* ASICloudFilesObject.h */ = {isa = PBXFileReference; fileEncoding = 4; lastKnownFileType = sourcecode.c.h; path = ASICloudFilesObject.h; sourceTree = "<group>"; };
		6FCD8AD8153EDFE700DBF40B /* ASICloudFilesObject.m */ = {isa = PBXFileReference; fileEncoding = 4; lastKnownFileType = sourcecode.c.objc; path = ASICloudFilesObject.m; sourceTree = "<group>"; };
		6FCD8AD9153EDFE700DBF40B /* ASICloudFilesObjectRequest.h */ = {isa = PBXFileReference; fileEncoding = 4; lastKnownFileType = sourcecode.c.h; path = ASICloudFilesObjectRequest.h; sourceTree = "<group>"; };
		6FCD8ADA153EDFE700DBF40B /* ASICloudFilesObjectRequest.m */ = {isa = PBXFileReference; fileEncoding = 4; lastKnownFileType = sourcecode.c.objc; path = ASICloudFilesObjectRequest.m; sourceTree = "<group>"; };
		6FCD8ADB153EDFE700DBF40B /* ASICloudFilesRequest.h */ = {isa = PBXFileReference; fileEncoding = 4; lastKnownFileType = sourcecode.c.h; path = ASICloudFilesRequest.h; sourceTree = "<group>"; };
		6FCD8ADC153EDFE700DBF40B /* ASICloudFilesRequest.m */ = {isa = PBXFileReference; fileEncoding = 4; lastKnownFileType = sourcecode.c.objc; path = ASICloudFilesRequest.m; sourceTree = "<group>"; };
		6FCD8ADE153EDFE700DBF40B /* ASINSXMLParserCompat.h */ = {isa = PBXFileReference; fileEncoding = 4; lastKnownFileType = sourcecode.c.h; path = ASINSXMLParserCompat.h; sourceTree = "<group>"; };
		6FCD8ADF153EDFE700DBF40B /* ASIS3Bucket.h */ = {isa = PBXFileReference; fileEncoding = 4; lastKnownFileType = sourcecode.c.h; path = ASIS3Bucket.h; sourceTree = "<group>"; };
		6FCD8AE0153EDFE700DBF40B /* ASIS3Bucket.m */ = {isa = PBXFileReference; fileEncoding = 4; lastKnownFileType = sourcecode.c.objc; path = ASIS3Bucket.m; sourceTree = "<group>"; };
		6FCD8AE1153EDFE700DBF40B /* ASIS3BucketObject.h */ = {isa = PBXFileReference; fileEncoding = 4; lastKnownFileType = sourcecode.c.h; path = ASIS3BucketObject.h; sourceTree = "<group>"; };
		6FCD8AE2153EDFE700DBF40B /* ASIS3BucketObject.m */ = {isa = PBXFileReference; fileEncoding = 4; lastKnownFileType = sourcecode.c.objc; path = ASIS3BucketObject.m; sourceTree = "<group>"; };
		6FCD8AE3153EDFE700DBF40B /* ASIS3BucketRequest.h */ = {isa = PBXFileReference; fileEncoding = 4; lastKnownFileType = sourcecode.c.h; path = ASIS3BucketRequest.h; sourceTree = "<group>"; };
		6FCD8AE4153EDFE700DBF40B /* ASIS3BucketRequest.m */ = {isa = PBXFileReference; fileEncoding = 4; lastKnownFileType = sourcecode.c.objc; path = ASIS3BucketRequest.m; sourceTree = "<group>"; };
		6FCD8AE5153EDFE700DBF40B /* ASIS3ObjectRequest.h */ = {isa = PBXFileReference; fileEncoding = 4; lastKnownFileType = sourcecode.c.h; path = ASIS3ObjectRequest.h; sourceTree = "<group>"; };
		6FCD8AE6153EDFE700DBF40B /* ASIS3ObjectRequest.m */ = {isa = PBXFileReference; fileEncoding = 4; lastKnownFileType = sourcecode.c.objc; path = ASIS3ObjectRequest.m; sourceTree = "<group>"; };
		6FCD8AE7153EDFE700DBF40B /* ASIS3Request.h */ = {isa = PBXFileReference; fileEncoding = 4; lastKnownFileType = sourcecode.c.h; path = ASIS3Request.h; sourceTree = "<group>"; };
		6FCD8AE8153EDFE700DBF40B /* ASIS3Request.m */ = {isa = PBXFileReference; fileEncoding = 4; lastKnownFileType = sourcecode.c.objc; path = ASIS3Request.m; sourceTree = "<group>"; };
		6FCD8AE9153EDFE700DBF40B /* ASIS3ServiceRequest.h */ = {isa = PBXFileReference; fileEncoding = 4; lastKnownFileType = sourcecode.c.h; path = ASIS3ServiceRequest.h; sourceTree = "<group>"; };
		6FCD8AEA153EDFE700DBF40B /* ASIS3ServiceRequest.m */ = {isa = PBXFileReference; fileEncoding = 4; lastKnownFileType = sourcecode.c.objc; path = ASIS3ServiceRequest.m; sourceTree = "<group>"; };
		6FCD8B0B153EDFE700DBF40B /* SFHFKeychainUtils.h */ = {isa = PBXFileReference; fileEncoding = 4; lastKnownFileType = sourcecode.c.h; path = SFHFKeychainUtils.h; sourceTree = "<group>"; };
		6FCD8B0C153EDFE700DBF40B /* SFHFKeychainUtils.m */ = {isa = PBXFileReference; fileEncoding = 4; lastKnownFileType = sourcecode.c.objc; path = SFHFKeychainUtils.m; sourceTree = "<group>"; };
		6FCD8B0E153EDFE700DBF40B /* CDataScanner.h */ = {isa = PBXFileReference; fileEncoding = 4; lastKnownFileType = sourcecode.c.h; path = CDataScanner.h; sourceTree = "<group>"; };
		6FCD8B0F153EDFE700DBF40B /* CDataScanner.m */ = {isa = PBXFileReference; fileEncoding = 4; lastKnownFileType = sourcecode.c.objc; path = CDataScanner.m; sourceTree = "<group>"; };
		6FCD8B11153EDFE700DBF40B /* CFilteringJSONSerializer.h */ = {isa = PBXFileReference; fileEncoding = 4; lastKnownFileType = sourcecode.c.h; path = CFilteringJSONSerializer.h; sourceTree = "<group>"; };
		6FCD8B12153EDFE700DBF40B /* CFilteringJSONSerializer.m */ = {isa = PBXFileReference; fileEncoding = 4; lastKnownFileType = sourcecode.c.objc; path = CFilteringJSONSerializer.m; sourceTree = "<group>"; };
		6FCD8B13153EDFE700DBF40B /* CJSONDeserializer_BlocksExtensions.h */ = {isa = PBXFileReference; fileEncoding = 4; lastKnownFileType = sourcecode.c.h; path = CJSONDeserializer_BlocksExtensions.h; sourceTree = "<group>"; };
		6FCD8B14153EDFE700DBF40B /* CJSONDeserializer_BlocksExtensions.m */ = {isa = PBXFileReference; fileEncoding = 4; lastKnownFileType = sourcecode.c.objc; path = CJSONDeserializer_BlocksExtensions.m; sourceTree = "<group>"; };
		6FCD8B15153EDFE700DBF40B /* CJSONSerializedData.h */ = {isa = PBXFileReference; fileEncoding = 4; lastKnownFileType = sourcecode.c.h; path = CJSONSerializedData.h; sourceTree = "<group>"; };
		6FCD8B16153EDFE700DBF40B /* CJSONSerializedData.m */ = {isa = PBXFileReference; fileEncoding = 4; lastKnownFileType = sourcecode.c.objc; path = CJSONSerializedData.m; sourceTree = "<group>"; };
		6FCD8B18153EDFE700DBF40B /* CDataScanner_Extensions.h */ = {isa = PBXFileReference; fileEncoding = 4; lastKnownFileType = sourcecode.c.h; path = CDataScanner_Extensions.h; sourceTree = "<group>"; };
		6FCD8B19153EDFE700DBF40B /* CDataScanner_Extensions.m */ = {isa = PBXFileReference; fileEncoding = 4; lastKnownFileType = sourcecode.c.objc; path = CDataScanner_Extensions.m; sourceTree = "<group>"; };
		6FCD8B1A153EDFE700DBF40B /* NSCharacterSet_Extensions.h */ = {isa = PBXFileReference; fileEncoding = 4; lastKnownFileType = sourcecode.c.h; path = NSCharacterSet_Extensions.h; sourceTree = "<group>"; };
		6FCD8B1B153EDFE700DBF40B /* NSCharacterSet_Extensions.m */ = {isa = PBXFileReference; fileEncoding = 4; lastKnownFileType = sourcecode.c.objc; path = NSCharacterSet_Extensions.m; sourceTree = "<group>"; };
		6FCD8B1C153EDFE700DBF40B /* NSDictionary_JSONExtensions.h */ = {isa = PBXFileReference; fileEncoding = 4; lastKnownFileType = sourcecode.c.h; path = NSDictionary_JSONExtensions.h; sourceTree = "<group>"; };
		6FCD8B1D153EDFE700DBF40B /* NSDictionary_JSONExtensions.m */ = {isa = PBXFileReference; fileEncoding = 4; lastKnownFileType = sourcecode.c.objc; path = NSDictionary_JSONExtensions.m; sourceTree = "<group>"; };
		6FCD8B1E153EDFE700DBF40B /* NSScanner_Extensions.h */ = {isa = PBXFileReference; fileEncoding = 4; lastKnownFileType = sourcecode.c.h; path = NSScanner_Extensions.h; sourceTree = "<group>"; };
		6FCD8B1F153EDFE700DBF40B /* NSScanner_Extensions.m */ = {isa = PBXFileReference; fileEncoding = 4; lastKnownFileType = sourcecode.c.objc; path = NSScanner_Extensions.m; sourceTree = "<group>"; };
		6FCD8B21153EDFE700DBF40B /* CJSONDeserializer.h */ = {isa = PBXFileReference; fileEncoding = 4; lastKnownFileType = sourcecode.c.h; path = CJSONDeserializer.h; sourceTree = "<group>"; };
		6FCD8B22153EDFE700DBF40B /* CJSONDeserializer.m */ = {isa = PBXFileReference; fileEncoding = 4; lastKnownFileType = sourcecode.c.objc; path = CJSONDeserializer.m; sourceTree = "<group>"; };
		6FCD8B23153EDFE700DBF40B /* CJSONScanner.h */ = {isa = PBXFileReference; fileEncoding = 4; lastKnownFileType = sourcecode.c.h; path = CJSONScanner.h; sourceTree = "<group>"; };
		6FCD8B24153EDFE700DBF40B /* CJSONScanner.m */ = {isa = PBXFileReference; fileEncoding = 4; lastKnownFileType = sourcecode.c.objc; path = CJSONScanner.m; sourceTree = "<group>"; };
		6FCD8B25153EDFE700DBF40B /* CJSONSerializer.h */ = {isa = PBXFileReference; fileEncoding = 4; lastKnownFileType = sourcecode.c.h; path = CJSONSerializer.h; sourceTree = "<group>"; };
		6FCD8B26153EDFE700DBF40B /* CJSONSerializer.m */ = {isa = PBXFileReference; fileEncoding = 4; lastKnownFileType = sourcecode.c.objc; path = CJSONSerializer.m; sourceTree = "<group>"; };
		6FCD8B27153EDFE700DBF40B /* JSONRepresentation.h */ = {isa = PBXFileReference; fileEncoding = 4; lastKnownFileType = sourcecode.c.h; path = JSONRepresentation.h; sourceTree = "<group>"; };
		6FCD8BA2153EE18500DBF40B /* README-GHUnit */ = {isa = PBXFileReference; fileEncoding = 4; lastKnownFileType = text; path = "README-GHUnit"; sourceTree = "<group>"; };
		6FCD8BA4153EE18500DBF40B /* Reachability.h */ = {isa = PBXFileReference; fileEncoding = 4; lastKnownFileType = sourcecode.c.h; path = Reachability.h; sourceTree = "<group>"; };
		6FCD8BA5153EE18500DBF40B /* Reachability.m */ = {isa = PBXFileReference; fileEncoding = 4; lastKnownFileType = sourcecode.c.objc; path = Reachability.m; sourceTree = "<group>"; };
		6FCD8BA8153EE1EF00DBF40B /* CFNetwork.framework */ = {isa = PBXFileReference; lastKnownFileType = wrapper.framework; name = CFNetwork.framework; path = System/Library/Frameworks/CFNetwork.framework; sourceTree = SDKROOT; };
		6FCD8BAA153EE20A00DBF40B /* SystemConfiguration.framework */ = {isa = PBXFileReference; lastKnownFileType = wrapper.framework; name = SystemConfiguration.framework; path = System/Library/Frameworks/SystemConfiguration.framework; sourceTree = SDKROOT; };
		6FCD8BAC153EE21300DBF40B /* MobileCoreServices.framework */ = {isa = PBXFileReference; lastKnownFileType = wrapper.framework; name = MobileCoreServices.framework; path = System/Library/Frameworks/MobileCoreServices.framework; sourceTree = SDKROOT; };
		6FCD8BAE153EE21E00DBF40B /* CoreGraphics.framework */ = {isa = PBXFileReference; lastKnownFileType = wrapper.framework; name = CoreGraphics.framework; path = System/Library/Frameworks/CoreGraphics.framework; sourceTree = SDKROOT; };
		6FCD8BAF153EE24800DBF40B /* libz.dylib */ = {isa = PBXFileReference; lastKnownFileType = "compiled.mach-o.dylib"; name = libz.dylib; path = usr/lib/libz.dylib; sourceTree = SDKROOT; };
		6FCD8BB5153EE53300DBF40B /* Security.framework */ = {isa = PBXFileReference; lastKnownFileType = wrapper.framework; name = Security.framework; path = System/Library/Frameworks/Security.framework; sourceTree = SDKROOT; };
		6FCD8BBC153EEE7B00DBF40B /* constants.h */ = {isa = PBXFileReference; fileEncoding = 4; lastKnownFileType = sourcecode.c.h; name = constants.h; path = Utility/constants.h; sourceTree = "<group>"; };
/* End PBXFileReference section */

/* Begin PBXFrameworksBuildPhase section */
		6F127AFF153C5D2000DA96DF /* Frameworks */ = {
			isa = PBXFrameworksBuildPhase;
			buildActionMask = 2147483647;
			files = (
				6FCD8BB6153EE53300DBF40B /* Security.framework in Frameworks */,
				6FCD8BB0153EE24800DBF40B /* libz.dylib in Frameworks */,
				6F127B0B153C5D2000DA96DF /* CoreGraphics.framework in Frameworks */,
				6FCD8BAD153EE21300DBF40B /* MobileCoreServices.framework in Frameworks */,
				6FCD8BAB153EE20A00DBF40B /* SystemConfiguration.framework in Frameworks */,
				6FCD8BA9153EE1EF00DBF40B /* CFNetwork.framework in Frameworks */,
				6FA0FCAA153CFE37000672FF /* CoreLocation.framework in Frameworks */,
				6FA0FCA8153CFE29000672FF /* MapKit.framework in Frameworks */,
				6F127B07153C5D2000DA96DF /* UIKit.framework in Frameworks */,
				6F127B09153C5D2000DA96DF /* Foundation.framework in Frameworks */,
			);
			runOnlyForDeploymentPostprocessing = 0;
		};
/* End PBXFrameworksBuildPhase section */

/* Begin PBXGroup section */
		6F127AF7153C5D2000DA96DF = {
			isa = PBXGroup;
			children = (
				6FCD8AB3153EDFE700DBF40B /* ThirdPart */,
				6F127B0C153C5D2000DA96DF /* iOwner */,
				6F127B05153C5D2000DA96DF /* Frameworks */,
				6F127B03153C5D2000DA96DF /* Products */,
			);
			sourceTree = "<group>";
		};
		6F127B03153C5D2000DA96DF /* Products */ = {
			isa = PBXGroup;
			children = (
				6F127B02153C5D2000DA96DF /* iOwner.app */,
			);
			name = Products;
			sourceTree = "<group>";
		};
		6F127B05153C5D2000DA96DF /* Frameworks */ = {
			isa = PBXGroup;
			children = (
				6FCD8BAF153EE24800DBF40B /* libz.dylib */,
				6FCD8BB5153EE53300DBF40B /* Security.framework */,
				6FCD8BAE153EE21E00DBF40B /* CoreGraphics.framework */,
				6FCD8BAC153EE21300DBF40B /* MobileCoreServices.framework */,
				6FCD8BAA153EE20A00DBF40B /* SystemConfiguration.framework */,
				6FCD8BA8153EE1EF00DBF40B /* CFNetwork.framework */,
				6FA0FCA9153CFE37000672FF /* CoreLocation.framework */,
				6FA0FCA7153CFE29000672FF /* MapKit.framework */,
				6F127B06153C5D2000DA96DF /* UIKit.framework */,
				6F127B08153C5D2000DA96DF /* Foundation.framework */,
				6F127B0A153C5D2000DA96DF /* CoreGraphics.framework */,
			);
			name = Frameworks;
			sourceTree = "<group>";
		};
		6F127B0C153C5D2000DA96DF /* iOwner */ = {
			isa = PBXGroup;
			children = (
				6F92E74E153FB083001CFDFD /* MainWindow.xib */,
				6F92E735153F8CBF001CFDFD /* MPage */,
				6FCD8BB7153EEDEC00DBF40B /* Utility */,
				6FA0FCA1153CF9D9000672FF /* TabView */,
				6F127B15153C5D2000DA96DF /* iOwnerAppDelegate.h */,
				6F127B16153C5D2000DA96DF /* iOwnerAppDelegate.m */,
				6F127B1E153C5D2000DA96DF /* SecondViewController.h */,
				6F127B24153C5D2000DA96DF /* SecondView.xib */,
				6F127B1F153C5D2000DA96DF /* SecondViewController.m */,
				6F127B0D153C5D2000DA96DF /* Supporting Files */,
			);
			path = iOwner;
			sourceTree = "<group>";
		};
		6F127B0D153C5D2000DA96DF /* Supporting Files */ = {
			isa = PBXGroup;
			children = (
				6F127B0E153C5D2000DA96DF /* iOwner-Info.plist */,
				6F127B0F153C5D2000DA96DF /* InfoPlist.strings */,
				6F127B12153C5D2000DA96DF /* main.m */,
				6F127B14153C5D2000DA96DF /* iOwner-Prefix.pch */,
			);
			name = "Supporting Files";
			sourceTree = "<group>";
		};
		6F92E735153F8CBF001CFDFD /* MPage */ = {
			isa = PBXGroup;
			children = (
				6F92E73F153F97C4001CFDFD /* RegViewController.h */,
				6F92E740153F97C4001CFDFD /* RegViewController.m */,
				6F92E741153F97C4001CFDFD /* RegViewController.xib */,
				6F92E749153FAFEA001CFDFD /* MainViewController.h */,
				6F92E74A153FAFEB001CFDFD /* MainViewController.m */,
				6F92E74B153FAFEB001CFDFD /* MainViewController.xib */,
				6F92E75A153FE410001CFDFD /* LoginViewController.h */,
				6F92E75B153FE410001CFDFD /* LoginViewController.m */,
				6F92E75C153FE410001CFDFD /* LoginViewController.xib */,
			);
			path = MPage;
			sourceTree = "<group>";
		};
		6FA0FCA1153CF9D9000672FF /* TabView */ = {
			isa = PBXGroup;
			children = (
				6FA0FCA2153CFB9F000672FF /* OccViewController.h */,
				6FA0FCA3153CFB9F000672FF /* OccViewController.m */,
				6FA0FCA4153CFB9F000672FF /* OccViewController.xib */,
			);
			name = TabView;
			sourceTree = "<group>";
		};
		6FCD8AB3153EDFE700DBF40B /* ThirdPart */ = {
			isa = PBXGroup;
			children = (
				6FCD8AB4153EDFE700DBF40B /* AnimatedGif.h */,
				6FCD8AB5153EDFE700DBF40B /* AnimatedGif.m */,
				6FCD8AB6153EDFE700DBF40B /* ASIHTTPRequest */,
				6FCD8B0B153EDFE700DBF40B /* SFHFKeychainUtils.h */,
				6FCD8B0C153EDFE700DBF40B /* SFHFKeychainUtils.m */,
				6FCD8B0D153EDFE700DBF40B /* TouchJSON */,
			);
			path = ThirdPart;
			sourceTree = "<group>";
		};
		6FCD8AB6153EDFE700DBF40B /* ASIHTTPRequest */ = {
			isa = PBXGroup;
			children = (
				6FCD8BA0153EE18500DBF40B /* External */,
				6FCD8AB7153EDFE700DBF40B /* ASIAuthenticationDialog.h */,
				6FCD8AB8153EDFE700DBF40B /* ASIAuthenticationDialog.m */,
				6FCD8AB9153EDFE700DBF40B /* ASICacheDelegate.h */,
				6FCD8ABA153EDFE700DBF40B /* ASIDataCompressor.h */,
				6FCD8ABB153EDFE700DBF40B /* ASIDataCompressor.m */,
				6FCD8ABC153EDFE700DBF40B /* ASIDataDecompressor.h */,
				6FCD8ABD153EDFE700DBF40B /* ASIDataDecompressor.m */,
				6FCD8ABE153EDFE700DBF40B /* ASIDownloadCache.h */,
				6FCD8ABF153EDFE700DBF40B /* ASIDownloadCache.m */,
				6FCD8AC0153EDFE700DBF40B /* ASIFormDataRequest.h */,
				6FCD8AC1153EDFE700DBF40B /* ASIFormDataRequest.m */,
				6FCD8AC2153EDFE700DBF40B /* ASIHTTPRequest.h */,
				6FCD8AC3153EDFE700DBF40B /* ASIHTTPRequest.m */,
				6FCD8AC4153EDFE700DBF40B /* ASIHTTPRequestConfig.h */,
				6FCD8AC5153EDFE700DBF40B /* ASIHTTPRequestDelegate.h */,
				6FCD8AC6153EDFE700DBF40B /* ASIInputStream.h */,
				6FCD8AC7153EDFE700DBF40B /* ASIInputStream.m */,
				6FCD8AC8153EDFE700DBF40B /* ASINetworkQueue.h */,
				6FCD8AC9153EDFE700DBF40B /* ASINetworkQueue.m */,
				6FCD8ACA153EDFE700DBF40B /* ASIProgressDelegate.h */,
				6FCD8ACE153EDFE700DBF40B /* CloudFiles */,
				6FCD8ADD153EDFE700DBF40B /* S3 */,
			);
			path = ASIHTTPRequest;
			sourceTree = "<group>";
		};
		6FCD8ACE153EDFE700DBF40B /* CloudFiles */ = {
			isa = PBXGroup;
			children = (
				6FCD8ACF153EDFE700DBF40B /* ASICloudFilesCDNRequest.h */,
				6FCD8AD0153EDFE700DBF40B /* ASICloudFilesCDNRequest.m */,
				6FCD8AD1153EDFE700DBF40B /* ASICloudFilesContainer.h */,
				6FCD8AD2153EDFE700DBF40B /* ASICloudFilesContainer.m */,
				6FCD8AD3153EDFE700DBF40B /* ASICloudFilesContainerRequest.h */,
				6FCD8AD4153EDFE700DBF40B /* ASICloudFilesContainerRequest.m */,
				6FCD8AD5153EDFE700DBF40B /* ASICloudFilesContainerXMLParserDelegate.h */,
				6FCD8AD6153EDFE700DBF40B /* ASICloudFilesContainerXMLParserDelegate.m */,
				6FCD8AD7153EDFE700DBF40B /* ASICloudFilesObject.h */,
				6FCD8AD8153EDFE700DBF40B /* ASICloudFilesObject.m */,
				6FCD8AD9153EDFE700DBF40B /* ASICloudFilesObjectRequest.h */,
				6FCD8ADA153EDFE700DBF40B /* ASICloudFilesObjectRequest.m */,
				6FCD8ADB153EDFE700DBF40B /* ASICloudFilesRequest.h */,
				6FCD8ADC153EDFE700DBF40B /* ASICloudFilesRequest.m */,
			);
			path = CloudFiles;
			sourceTree = "<group>";
		};
		6FCD8ADD153EDFE700DBF40B /* S3 */ = {
			isa = PBXGroup;
			children = (
				6FCD8ADE153EDFE700DBF40B /* ASINSXMLParserCompat.h */,
				6FCD8ADF153EDFE700DBF40B /* ASIS3Bucket.h */,
				6FCD8AE0153EDFE700DBF40B /* ASIS3Bucket.m */,
				6FCD8AE1153EDFE700DBF40B /* ASIS3BucketObject.h */,
				6FCD8AE2153EDFE700DBF40B /* ASIS3BucketObject.m */,
				6FCD8AE3153EDFE700DBF40B /* ASIS3BucketRequest.h */,
				6FCD8AE4153EDFE700DBF40B /* ASIS3BucketRequest.m */,
				6FCD8AE5153EDFE700DBF40B /* ASIS3ObjectRequest.h */,
				6FCD8AE6153EDFE700DBF40B /* ASIS3ObjectRequest.m */,
				6FCD8AE7153EDFE700DBF40B /* ASIS3Request.h */,
				6FCD8AE8153EDFE700DBF40B /* ASIS3Request.m */,
				6FCD8AE9153EDFE700DBF40B /* ASIS3ServiceRequest.h */,
				6FCD8AEA153EDFE700DBF40B /* ASIS3ServiceRequest.m */,
			);
			path = S3;
			sourceTree = "<group>";
		};
		6FCD8B0D153EDFE700DBF40B /* TouchJSON */ = {
			isa = PBXGroup;
			children = (
				6FCD8B0E153EDFE700DBF40B /* CDataScanner.h */,
				6FCD8B0F153EDFE700DBF40B /* CDataScanner.m */,
				6FCD8B10153EDFE700DBF40B /* Experimental */,
				6FCD8B17153EDFE700DBF40B /* Extensions */,
				6FCD8B20153EDFE700DBF40B /* JSON */,
			);
			path = TouchJSON;
			sourceTree = "<group>";
		};
		6FCD8B10153EDFE700DBF40B /* Experimental */ = {
			isa = PBXGroup;
			children = (
				6FCD8B11153EDFE700DBF40B /* CFilteringJSONSerializer.h */,
				6FCD8B12153EDFE700DBF40B /* CFilteringJSONSerializer.m */,
				6FCD8B13153EDFE700DBF40B /* CJSONDeserializer_BlocksExtensions.h */,
				6FCD8B14153EDFE700DBF40B /* CJSONDeserializer_BlocksExtensions.m */,
				6FCD8B15153EDFE700DBF40B /* CJSONSerializedData.h */,
				6FCD8B16153EDFE700DBF40B /* CJSONSerializedData.m */,
			);
			path = Experimental;
			sourceTree = "<group>";
		};
		6FCD8B17153EDFE700DBF40B /* Extensions */ = {
			isa = PBXGroup;
			children = (
				6FCD8B18153EDFE700DBF40B /* CDataScanner_Extensions.h */,
				6FCD8B19153EDFE700DBF40B /* CDataScanner_Extensions.m */,
				6FCD8B1A153EDFE700DBF40B /* NSCharacterSet_Extensions.h */,
				6FCD8B1B153EDFE700DBF40B /* NSCharacterSet_Extensions.m */,
				6FCD8B1C153EDFE700DBF40B /* NSDictionary_JSONExtensions.h */,
				6FCD8B1D153EDFE700DBF40B /* NSDictionary_JSONExtensions.m */,
				6FCD8B1E153EDFE700DBF40B /* NSScanner_Extensions.h */,
				6FCD8B1F153EDFE700DBF40B /* NSScanner_Extensions.m */,
			);
			path = Extensions;
			sourceTree = "<group>";
		};
		6FCD8B20153EDFE700DBF40B /* JSON */ = {
			isa = PBXGroup;
			children = (
				6FCD8B21153EDFE700DBF40B /* CJSONDeserializer.h */,
				6FCD8B22153EDFE700DBF40B /* CJSONDeserializer.m */,
				6FCD8B23153EDFE700DBF40B /* CJSONScanner.h */,
				6FCD8B24153EDFE700DBF40B /* CJSONScanner.m */,
				6FCD8B25153EDFE700DBF40B /* CJSONSerializer.h */,
				6FCD8B26153EDFE700DBF40B /* CJSONSerializer.m */,
				6FCD8B27153EDFE700DBF40B /* JSONRepresentation.h */,
			);
			path = JSON;
			sourceTree = "<group>";
		};
		6FCD8BA0153EE18500DBF40B /* External */ = {
			isa = PBXGroup;
			children = (
				6FCD8BA1153EE18500DBF40B /* GHUnit */,
				6FCD8BA3153EE18500DBF40B /* Reachability */,
			);
			path = External;
			sourceTree = "<group>";
		};
		6FCD8BA1153EE18500DBF40B /* GHUnit */ = {
			isa = PBXGroup;
			children = (
				6FCD8BA2153EE18500DBF40B /* README-GHUnit */,
			);
			path = GHUnit;
			sourceTree = "<group>";
		};
		6FCD8BA3153EE18500DBF40B /* Reachability */ = {
			isa = PBXGroup;
			children = (
				6FCD8BA4153EE18500DBF40B /* Reachability.h */,
				6FCD8BA5153EE18500DBF40B /* Reachability.m */,
			);
			path = Reachability;
			sourceTree = "<group>";
		};
		6FCD8BB7153EEDEC00DBF40B /* Utility */ = {
			isa = PBXGroup;
			children = (
				6FCD8BBC153EEE7B00DBF40B /* constants.h */,
			);
			name = Utility;
			sourceTree = "<group>";
		};
/* End PBXGroup section */

/* Begin PBXNativeTarget section */
		6F127B01153C5D2000DA96DF /* iOwner */ = {
			isa = PBXNativeTarget;
			buildConfigurationList = 6F127B29153C5D2000DA96DF /* Build configuration list for PBXNativeTarget "iOwner" */;
			buildPhases = (
				6F127AFE153C5D2000DA96DF /* Sources */,
				6F127AFF153C5D2000DA96DF /* Frameworks */,
				6F127B00153C5D2000DA96DF /* Resources */,
			);
			buildRules = (
			);
			dependencies = (
			);
			name = iOwner;
			productName = iOwner;
			productReference = 6F127B02153C5D2000DA96DF /* iOwner.app */;
			productType = "com.apple.product-type.application";
		};
/* End PBXNativeTarget section */

/* Begin PBXProject section */
		6F127AF9153C5D2000DA96DF /* Project object */ = {
			isa = PBXProject;
			buildConfigurationList = 6F127AFC153C5D2000DA96DF /* Build configuration list for PBXProject "iOwner" */;
			compatibilityVersion = "Xcode 3.2";
			developmentRegion = English;
			hasScannedForEncodings = 0;
			knownRegions = (
				en,
			);
			mainGroup = 6F127AF7153C5D2000DA96DF;
			productRefGroup = 6F127B03153C5D2000DA96DF /* Products */;
			projectDirPath = "";
			projectRoot = "";
			targets = (
				6F127B01153C5D2000DA96DF /* iOwner */,
			);
		};
/* End PBXProject section */

/* Begin PBXResourcesBuildPhase section */
		6F127B00153C5D2000DA96DF /* Resources */ = {
			isa = PBXResourcesBuildPhase;
			buildActionMask = 2147483647;
			files = (
				6F127B11153C5D2000DA96DF /* InfoPlist.strings in Resources */,
				6F127B26153C5D2000DA96DF /* SecondView.xib in Resources */,
				6FA0FCA6153CFB9F000672FF /* OccViewController.xib in Resources */,
				6FCD8BA6153EE18500DBF40B /* README-GHUnit in Resources */,
				6F92E743153F97C5001CFDFD /* RegViewController.xib in Resources */,
				6F92E74D153FAFEB001CFDFD /* MainViewController.xib in Resources */,
				6F92E750153FB083001CFDFD /* MainWindow.xib in Resources */,
				6F92E75E153FE410001CFDFD /* LoginViewController.xib in Resources */,
			);
			runOnlyForDeploymentPostprocessing = 0;
		};
/* End PBXResourcesBuildPhase section */

/* Begin PBXSourcesBuildPhase section */
		6F127AFE153C5D2000DA96DF /* Sources */ = {
			isa = PBXSourcesBuildPhase;
			buildActionMask = 2147483647;
			files = (
				6F127B13153C5D2000DA96DF /* main.m in Sources */,
				6F127B17153C5D2000DA96DF /* iOwnerAppDelegate.m in Sources */,
				6F127B20153C5D2000DA96DF /* SecondViewController.m in Sources */,
				6FA0FCA5153CFB9F000672FF /* OccViewController.m in Sources */,
				6FCD8B57153EDFE700DBF40B /* AnimatedGif.m in Sources */,
				6FCD8B58153EDFE700DBF40B /* ASIAuthenticationDialog.m in Sources */,
				6FCD8B59153EDFE700DBF40B /* ASIDataCompressor.m in Sources */,
				6FCD8B5A153EDFE700DBF40B /* ASIDataDecompressor.m in Sources */,
				6FCD8B5B153EDFE700DBF40B /* ASIDownloadCache.m in Sources */,
				6FCD8B5C153EDFE700DBF40B /* ASIFormDataRequest.m in Sources */,
				6FCD8B5D153EDFE700DBF40B /* ASIHTTPRequest.m in Sources */,
				6FCD8B5E153EDFE700DBF40B /* ASIInputStream.m in Sources */,
				6FCD8B5F153EDFE700DBF40B /* ASINetworkQueue.m in Sources */,
				6FCD8B61153EDFE700DBF40B /* ASICloudFilesCDNRequest.m in Sources */,
				6FCD8B62153EDFE700DBF40B /* ASICloudFilesContainer.m in Sources */,
				6FCD8B63153EDFE700DBF40B /* ASICloudFilesContainerRequest.m in Sources */,
				6FCD8B64153EDFE700DBF40B /* ASICloudFilesContainerXMLParserDelegate.m in Sources */,
				6FCD8B65153EDFE700DBF40B /* ASICloudFilesObject.m in Sources */,
				6FCD8B66153EDFE700DBF40B /* ASICloudFilesObjectRequest.m in Sources */,
				6FCD8B67153EDFE700DBF40B /* ASICloudFilesRequest.m in Sources */,
				6FCD8B68153EDFE700DBF40B /* ASIS3Bucket.m in Sources */,
				6FCD8B69153EDFE700DBF40B /* ASIS3BucketObject.m in Sources */,
				6FCD8B6A153EDFE700DBF40B /* ASIS3BucketRequest.m in Sources */,
				6FCD8B6B153EDFE700DBF40B /* ASIS3ObjectRequest.m in Sources */,
				6FCD8B6C153EDFE700DBF40B /* ASIS3Request.m in Sources */,
				6FCD8B6D153EDFE700DBF40B /* ASIS3ServiceRequest.m in Sources */,
				6FCD8B7E153EDFE700DBF40B /* SFHFKeychainUtils.m in Sources */,
				6FCD8B7F153EDFE700DBF40B /* CDataScanner.m in Sources */,
				6FCD8B80153EDFE700DBF40B /* CFilteringJSONSerializer.m in Sources */,
				6FCD8B81153EDFE700DBF40B /* CJSONDeserializer_BlocksExtensions.m in Sources */,
				6FCD8B82153EDFE700DBF40B /* CJSONSerializedData.m in Sources */,
				6FCD8B83153EDFE700DBF40B /* CDataScanner_Extensions.m in Sources */,
				6FCD8B84153EDFE700DBF40B /* NSCharacterSet_Extensions.m in Sources */,
				6FCD8B85153EDFE700DBF40B /* NSDictionary_JSONExtensions.m in Sources */,
				6FCD8B86153EDFE700DBF40B /* NSScanner_Extensions.m in Sources */,
				6FCD8B87153EDFE700DBF40B /* CJSONDeserializer.m in Sources */,
				6FCD8B88153EDFE700DBF40B /* CJSONScanner.m in Sources */,
				6FCD8B89153EDFE700DBF40B /* CJSONSerializer.m in Sources */,
				6FCD8BA7153EE18500DBF40B /* Reachability.m in Sources */,
				6F92E742153F97C5001CFDFD /* RegViewController.m in Sources */,
				6F92E74C153FAFEB001CFDFD /* MainViewController.m in Sources */,
				6F92E75D153FE410001CFDFD /* LoginViewController.m in Sources */,
			);
			runOnlyForDeploymentPostprocessing = 0;
		};
/* End PBXSourcesBuildPhase section */

/* Begin PBXVariantGroup section */
		6F127B0F153C5D2000DA96DF /* InfoPlist.strings */ = {
			isa = PBXVariantGroup;
			children = (
				6F127B10153C5D2000DA96DF /* en */,
			);
			name = InfoPlist.strings;
			sourceTree = "<group>";
		};
		6F127B24153C5D2000DA96DF /* SecondView.xib */ = {
			isa = PBXVariantGroup;
			children = (
				6F127B25153C5D2000DA96DF /* en */,
			);
			name = SecondView.xib;
			sourceTree = "<group>";
		};
		6F92E74E153FB083001CFDFD /* MainWindow.xib */ = {
			isa = PBXVariantGroup;
			children = (
				6F92E74F153FB083001CFDFD /* en */,
			);
			name = MainWindow.xib;
			sourceTree = "<group>";
		};
/* End PBXVariantGroup section */

/* Begin XCBuildConfiguration section */
		6F127B27153C5D2000DA96DF /* Debug */ = {
			isa = XCBuildConfiguration;
			buildSettings = {
				ALWAYS_SEARCH_USER_PATHS = NO;
				ARCHS = "$(ARCHS_STANDARD_32_BIT)";
				"CODE_SIGN_IDENTITY[sdk=iphoneos*]" = "iPhone Developer";
				COPY_PHASE_STRIP = NO;
				GCC_C_LANGUAGE_STANDARD = gnu99;
				GCC_DYNAMIC_NO_PIC = NO;
				GCC_OPTIMIZATION_LEVEL = 0;
				GCC_PREPROCESSOR_DEFINITIONS = (
					"DEBUG=1",
					"$(inherited)",
				);
				GCC_SYMBOLS_PRIVATE_EXTERN = NO;
				GCC_VERSION = com.apple.compilers.llvmgcc42;
				GCC_WARN_ABOUT_MISSING_PROTOTYPES = YES;
				GCC_WARN_ABOUT_RETURN_TYPE = YES;
				GCC_WARN_UNUSED_VARIABLE = YES;
				IPHONEOS_DEPLOYMENT_TARGET = 4.3;
				SDKROOT = iphoneos;
			};
			name = Debug;
		};
		6F127B28153C5D2000DA96DF /* Release */ = {
			isa = XCBuildConfiguration;
			buildSettings = {
				ALWAYS_SEARCH_USER_PATHS = NO;
				ARCHS = "$(ARCHS_STANDARD_32_BIT)";
				"CODE_SIGN_IDENTITY[sdk=iphoneos*]" = "iPhone Developer";
				COPY_PHASE_STRIP = YES;
				GCC_C_LANGUAGE_STANDARD = gnu99;
				GCC_VERSION = com.apple.compilers.llvmgcc42;
				GCC_WARN_ABOUT_MISSING_PROTOTYPES = YES;
				GCC_WARN_ABOUT_RETURN_TYPE = YES;
				GCC_WARN_UNUSED_VARIABLE = YES;
				IPHONEOS_DEPLOYMENT_TARGET = 4.3;
				OTHER_CFLAGS = "-DNS_BLOCK_ASSERTIONS=1";
				SDKROOT = iphoneos;
				VALIDATE_PRODUCT = YES;
			};
			name = Release;
		};
		6F127B2A153C5D2000DA96DF /* Debug */ = {
			isa = XCBuildConfiguration;
			buildSettings = {
				GCC_PRECOMPILE_PREFIX_HEADER = YES;
				GCC_PREFIX_HEADER = "iOwner/iOwner-Prefix.pch";
				INFOPLIST_FILE = "iOwner/iOwner-Info.plist";
				PRODUCT_NAME = "$(TARGET_NAME)";
				WRAPPER_EXTENSION = app;
			};
			name = Debug;
		};
		6F127B2B153C5D2000DA96DF /* Release */ = {
			isa = XCBuildConfiguration;
			buildSettings = {
				GCC_PRECOMPILE_PREFIX_HEADER = YES;
				GCC_PREFIX_HEADER = "iOwner/iOwner-Prefix.pch";
				INFOPLIST_FILE = "iOwner/iOwner-Info.plist";
				PRODUCT_NAME = "$(TARGET_NAME)";
				WRAPPER_EXTENSION = app;
			};
			name = Release;
		};
/* End XCBuildConfiguration section */

/* Begin XCConfigurationList section */
		6F127AFC153C5D2000DA96DF /* Build configuration list for PBXProject "iOwner" */ = {
			isa = XCConfigurationList;
			buildConfigurations = (
				6F127B27153C5D2000DA96DF /* Debug */,
				6F127B28153C5D2000DA96DF /* Release */,
			);
			defaultConfigurationIsVisible = 0;
			defaultConfigurationName = Release;
		};
		6F127B29153C5D2000DA96DF /* Build configuration list for PBXNativeTarget "iOwner" */ = {
			isa = XCConfigurationList;
			buildConfigurations = (
				6F127B2A153C5D2000DA96DF /* Debug */,
				6F127B2B153C5D2000DA96DF /* Release */,
			);
			defaultConfigurationIsVisible = 0;
			defaultConfigurationName = Release;
		};
/* End XCConfigurationList section */
	};
	rootObject = 6F127AF9153C5D2000DA96DF /* Project object */;
}
